
Microsoft Visual Studio Solution File, Format Version 12.00
# Visual Studio Version 17
VisualStudioVersion = 17.8.34316.72
MinimumVisualStudioVersion = 10.0.40219.1
Project("{FAE04EC0-301F-11D3-BF4B-00C04F79EFBC}") = "aspYazılım", "aspYazılım\aspYazılım.csproj", "{FACBCB67-E9C5-4322-9C70-664FE9116A1C}"
EndProject
Global
	GlobalSection(SolutionConfigurationPlatforms) = preSolution
		Debug|Any CPU = Debug|Any CPU
		Release|Any CPU = Release|Any CPU
	EndGlobalSection
	GlobalSection(ProjectConfigurationPlatforms) = postSolution
		{FACBCB67-E9C5-4322-9C70-664FE9116A1C}.Debug|Any CPU.ActiveCfg = Debug|Any CPU
		{FACBCB67-E9C5-4322-9C70-664FE9116A1C}.Debug|Any CPU.Build.0 = Debug|Any CPU
		{FACBCB67-E9C5-4322-9C70-664FE9116A1C}.Release|Any CPU.ActiveCfg = Release|Any CPU
		{FACBCB67-E9C5-4322-9C70-664FE9116A1C}.Release|Any CPU.Build.0 = Release|Any CPU
	EndGlobalSection
	GlobalSection(SolutionProperties) = preSolution
		HideSolutionNode = FALSE
	EndGlobalSection
	GlobalSection(ExtensibilityGlobals) = postSolution
		SolutionGuid = {E35B9656-0145-42A5-9900-4F5A8A2BF9CA}
	EndGlobalSection
EndGlobal
